
Microsoft Visual Studio Solution File, Format Version 12.00
# Visual Studio Version 16
VisualStudioVersion = 16.0.31025.194
MinimumVisualStudioVersion = 10.0.40219.1
Project("{9A19103F-16F7-4668-BE54-9A1E7A4F7556}") = "CoronaGlass.Core", "CoronaGlass.Core\CoronaGlass.Core.csproj", "{DAB9F020-8039-413E-A588-95D396B4F79A}"
EndProject
Project("{9A19103F-16F7-4668-BE54-9A1E7A4F7556}") = "CoronaGlass.Dropbox", "CoronaGlass.Dropbox\CoronaGlass.Dropbox.csproj", "{A04E4AF8-5815-4F82-A532-A7D735CC596E}"
EndProject
Project("{9A19103F-16F7-4668-BE54-9A1E7A4F7556}") = "CoronaGlass.Test", "CoronaGlass.Test\CoronaGlass.Test.csproj", "{858352F3-EF15-4AD2-8D34-B15AAFAA06C8}"
EndProject
Project("{9A19103F-16F7-4668-BE54-9A1E7A4F7556}") = "Web", "Web\Web.csproj", "{52C0ACEA-9B49-4D13-8C3A-A0E14E872C2B}"
EndProject
Project("{E53339B2-1760-4266-BCC7-CA923CBCF16C}") = "docker-compose", "docker-compose.dcproj", "{7843F81F-75A2-4E15-A7F6-A54D9BBB5667}"
EndProject
Project("{2150E333-8FDC-42A3-9474-1A3956D46DE8}") = "back-end", "back-end", "{562D69B9-4183-4A06-BB01-854672736900}"
	ProjectSection(SolutionItems) = preProject
		Backend\Dockerfile = Backend\Dockerfile
	EndProjectSection
EndProject
Project("{2150E333-8FDC-42A3-9474-1A3956D46DE8}") = "front-end", "front-end", "{0DCA1590-3ED3-4BA8-9375-F47348B53393}"
	ProjectSection(SolutionItems) = preProject
		front-end\.env = front-end\.env
		front-end\Dockerfile = front-end\Dockerfile
	EndProjectSection
EndProject
Project("{9A19103F-16F7-4668-BE54-9A1E7A4F7556}") = "Backend", "Backend\Backend\Backend.csproj", "{38FAB781-70D7-4012-91EE-6B094520D193}"
EndProject
Project("{9A19103F-16F7-4668-BE54-9A1E7A4F7556}") = "DAL", "Backend\DAL\DAL.csproj", "{F8525C68-8E3F-4B7B-B56D-69A0702F562F}"
EndProject
Global
	GlobalSection(SolutionConfigurationPlatforms) = preSolution
		Debug|Any CPU = Debug|Any CPU
		Release|Any CPU = Release|Any CPU
	EndGlobalSection
	GlobalSection(ProjectConfigurationPlatforms) = postSolution
		{DAB9F020-8039-413E-A588-95D396B4F79A}.Debug|Any CPU.ActiveCfg = Debug|Any CPU
		{DAB9F020-8039-413E-A588-95D396B4F79A}.Debug|Any CPU.Build.0 = Debug|Any CPU
		{DAB9F020-8039-413E-A588-95D396B4F79A}.Release|Any CPU.ActiveCfg = Release|Any CPU
		{DAB9F020-8039-413E-A588-95D396B4F79A}.Release|Any CPU.Build.0 = Release|Any CPU
		{A04E4AF8-5815-4F82-A532-A7D735CC596E}.Debug|Any CPU.ActiveCfg = Debug|Any CPU
		{A04E4AF8-5815-4F82-A532-A7D735CC596E}.Debug|Any CPU.Build.0 = Debug|Any CPU
		{A04E4AF8-5815-4F82-A532-A7D735CC596E}.Release|Any CPU.ActiveCfg = Release|Any CPU
		{A04E4AF8-5815-4F82-A532-A7D735CC596E}.Release|Any CPU.Build.0 = Release|Any CPU
		{858352F3-EF15-4AD2-8D34-B15AAFAA06C8}.Debug|Any CPU.ActiveCfg = Debug|Any CPU
		{858352F3-EF15-4AD2-8D34-B15AAFAA06C8}.Debug|Any CPU.Build.0 = Debug|Any CPU
		{858352F3-EF15-4AD2-8D34-B15AAFAA06C8}.Release|Any CPU.ActiveCfg = Release|Any CPU
		{858352F3-EF15-4AD2-8D34-B15AAFAA06C8}.Release|Any CPU.Build.0 = Release|Any CPU
		{52C0ACEA-9B49-4D13-8C3A-A0E14E872C2B}.Debug|Any CPU.ActiveCfg = Debug|Any CPU
		{52C0ACEA-9B49-4D13-8C3A-A0E14E872C2B}.Debug|Any CPU.Build.0 = Debug|Any CPU
		{52C0ACEA-9B49-4D13-8C3A-A0E14E872C2B}.Release|Any CPU.ActiveCfg = Release|Any CPU
		{52C0ACEA-9B49-4D13-8C3A-A0E14E872C2B}.Release|Any CPU.Build.0 = Release|Any CPU
		{7843F81F-75A2-4E15-A7F6-A54D9BBB5667}.Debug|Any CPU.ActiveCfg = Debug|Any CPU
		{7843F81F-75A2-4E15-A7F6-A54D9BBB5667}.Debug|Any CPU.Build.0 = Debug|Any CPU
		{7843F81F-75A2-4E15-A7F6-A54D9BBB5667}.Release|Any CPU.ActiveCfg = Release|Any CPU
		{7843F81F-75A2-4E15-A7F6-A54D9BBB5667}.Release|Any CPU.Build.0 = Release|Any CPU
		{38FAB781-70D7-4012-91EE-6B094520D193}.Debug|Any CPU.ActiveCfg = Debug|Any CPU
		{38FAB781-70D7-4012-91EE-6B094520D193}.Debug|Any CPU.Build.0 = Debug|Any CPU
		{38FAB781-70D7-4012-91EE-6B094520D193}.Release|Any CPU.ActiveCfg = Release|Any CPU
		{38FAB781-70D7-4012-91EE-6B094520D193}.Release|Any CPU.Build.0 = Release|Any CPU
		{F8525C68-8E3F-4B7B-B56D-69A0702F562F}.Debug|Any CPU.ActiveCfg = Debug|Any CPU
		{F8525C68-8E3F-4B7B-B56D-69A0702F562F}.Debug|Any CPU.Build.0 = Debug|Any CPU
		{F8525C68-8E3F-4B7B-B56D-69A0702F562F}.Release|Any CPU.ActiveCfg = Release|Any CPU
		{F8525C68-8E3F-4B7B-B56D-69A0702F562F}.Release|Any CPU.Build.0 = Release|Any CPU
	EndGlobalSection
	GlobalSection(SolutionProperties) = preSolution
		HideSolutionNode = FALSE
	EndGlobalSection
	GlobalSection(NestedProjects) = preSolution
		{38FAB781-70D7-4012-91EE-6B094520D193} = {562D69B9-4183-4A06-BB01-854672736900}
		{F8525C68-8E3F-4B7B-B56D-69A0702F562F} = {562D69B9-4183-4A06-BB01-854672736900}
	EndGlobalSection
	GlobalSection(ExtensibilityGlobals) = postSolution
		SolutionGuid = {03A1C291-79A9-4524-86DA-CB9846EC6531}
	EndGlobalSection
EndGlobal
